
Microsoft Visual Studio Solution File, Format Version 12.00
# Visual Studio Version 17
VisualStudioVersion = 17.4.33205.214
MinimumVisualStudioVersion = 10.0.40219.1
Project("{FAE04EC0-301F-11D3-BF4B-00C04F79EFBC}") = "AesEncryption", "AesEncryption\AesEncryption.csproj", "{90655E9C-FEEF-42DB-8587-3BEEF910783E}"
EndProject
Global
	GlobalSection(SolutionConfigurationPlatforms) = preSolution
		Debug|Any CPU = Debug|Any CPU
		Release|Any CPU = Release|Any CPU
	EndGlobalSection
	GlobalSection(ProjectConfigurationPlatforms) = postSolution
		{90655E9C-FEEF-42DB-8587-3BEEF910783E}.Debug|Any CPU.ActiveCfg = Debug|Any CPU
		{90655E9C-FEEF-42DB-8587-3BEEF910783E}.Debug|Any CPU.Build.0 = Debug|Any CPU
		{90655E9C-FEEF-42DB-8587-3BEEF910783E}.Release|Any CPU.ActiveCfg = Release|Any CPU
		{90655E9C-FEEF-42DB-8587-3BEEF910783E}.Release|Any CPU.Build.0 = Release|Any CPU
	EndGlobalSection
	GlobalSection(SolutionProperties) = preSolution
		HideSolutionNode = FALSE
	EndGlobalSection
	GlobalSection(ExtensibilityGlobals) = postSolution
		SolutionGuid = {4B747A9A-6685-4AEC-AACE-FB28E838C751}
	EndGlobalSection
EndGlobal
